// !$*UTF8*$!
{
	archiveVersion = 1;
	classes = {
	};
	objectVersion = 46;
	objects = {

/* Begin PBXBuildFile section */
		ACBF7E941ABB952800D1D35C /* AppDelegate.swift in Sources */ = {isa = PBXBuildFile; fileRef = ACBF7E931ABB952800D1D35C /* AppDelegate.swift */; };
		ACBF7E961ABB952800D1D35C /* ViewController.swift in Sources */ = {isa = PBXBuildFile; fileRef = ACBF7E951ABB952800D1D35C /* ViewController.swift */; };
		ACBF7E991ABB952800D1D35C /* Main.storyboard in Resources */ = {isa = PBXBuildFile; fileRef = ACBF7E971ABB952800D1D35C /* Main.storyboard */; };
		ACBF7E9B1ABB952800D1D35C /* Images.xcassets in Resources */ = {isa = PBXBuildFile; fileRef = ACBF7E9A1ABB952800D1D35C /* Images.xcassets */; };
		ACBF7E9E1ABB952800D1D35C /* LaunchScreen.xib in Resources */ = {isa = PBXBuildFile; fileRef = ACBF7E9C1ABB952800D1D35C /* LaunchScreen.xib */; };
		ACBF7EAA1ABB952800D1D35C /* LionsAndTigersTests.swift in Sources */ = {isa = PBXBuildFile; fileRef = ACBF7EA91ABB952800D1D35C /* LionsAndTigersTests.swift */; };
		ACBF7EB41ABB988400D1D35C /* Tiger.swift in Sources */ = {isa = PBXBuildFile; fileRef = ACBF7EB31ABB988400D1D35C /* Tiger.swift */; };
		ACBF7EBE1ABB9B8400D1D35C /* BengalTiger.jpg in Resources */ = {isa = PBXBuildFile; fileRef = ACBF7EB61ABB9B8400D1D35C /* BengalTiger.jpg */; };
		ACBF7EBF1ABB9B8400D1D35C /* IndochineseTiger.jpg in Resources */ = {isa = PBXBuildFile; fileRef = ACBF7EB71ABB9B8400D1D35C /* IndochineseTiger.jpg */; };
		ACBF7EC01ABB9B8400D1D35C /* Lion.jpg in Resources */ = {isa = PBXBuildFile; fileRef = ACBF7EB81ABB9B8400D1D35C /* Lion.jpg */; };
		ACBF7EC11ABB9B8400D1D35C /* LionCub1.jpg in Resources */ = {isa = PBXBuildFile; fileRef = ACBF7EB91ABB9B8400D1D35C /* LionCub1.jpg */; };
		ACBF7EC21ABB9B8400D1D35C /* LionCub2.jpeg in Resources */ = {isa = PBXBuildFile; fileRef = ACBF7EBA1ABB9B8400D1D35C /* LionCub2.jpeg */; };
		ACBF7EC31ABB9B8400D1D35C /* Lioness.jpeg in Resources */ = {isa = PBXBuildFile; fileRef = ACBF7EBB1ABB9B8400D1D35C /* Lioness.jpeg */; };
		ACBF7EC41ABB9B8400D1D35C /* MalayanTiger.jpg in Resources */ = {isa = PBXBuildFile; fileRef = ACBF7EBC1ABB9B8400D1D35C /* MalayanTiger.jpg */; };
		ACBF7EC51ABB9B8400D1D35C /* SiberianTiger.jpg in Resources */ = {isa = PBXBuildFile; fileRef = ACBF7EBD1ABB9B8400D1D35C /* SiberianTiger.jpg */; };
/* End PBXBuildFile section */

/* Begin PBXContainerItemProxy section */
		ACBF7EA41ABB952800D1D35C /* PBXContainerItemProxy */ = {
			isa = PBXContainerItemProxy;
			containerPortal = ACBF7E861ABB952800D1D35C /* Project object */;
			proxyType = 1;
			remoteGlobalIDString = ACBF7E8D1ABB952800D1D35C;
			remoteInfo = LionsAndTigers;
		};
/* End PBXContainerItemProxy section */

/* Begin PBXFileReference section */
		ACBF7E8E1ABB952800D1D35C /* LionsAndTigers.app */ = {isa = PBXFileReference; explicitFileType = wrapper.application; includeInIndex = 0; path = LionsAndTigers.app; sourceTree = BUILT_PRODUCTS_DIR; };
		ACBF7E921ABB952800D1D35C /* Info.plist */ = {isa = PBXFileReference; lastKnownFileType = text.plist.xml; path = Info.plist; sourceTree = "<group>"; };
		ACBF7E931ABB952800D1D35C /* AppDelegate.swift */ = {isa = PBXFileReference; lastKnownFileType = sourcecode.swift; path = AppDelegate.swift; sourceTree = "<group>"; };
		ACBF7E951ABB952800D1D35C /* ViewController.swift */ = {isa = PBXFileReference; lastKnownFileType = sourcecode.swift; path = ViewController.swift; sourceTree = "<group>"; };
		ACBF7E981ABB952800D1D35C /* Base */ = {isa = PBXFileReference; lastKnownFileType = file.storyboard; name = Base; path = Base.lproj/Main.storyboard; sourceTree = "<group>"; };
		ACBF7E9A1ABB952800D1D35C /* Images.xcassets */ = {isa = PBXFileReference; lastKnownFileType = folder.assetcatalog; path = Images.xcassets; sourceTree = "<group>"; };
		ACBF7E9D1ABB952800D1D35C /* Base */ = {isa = PBXFileReference; lastKnownFileType = file.xib; name = Base; path = Base.lproj/LaunchScreen.xib; sourceTree = "<group>"; };
		ACBF7EA31ABB952800D1D35C /* LionsAndTigersTests.xctest */ = {isa = PBXFileReference; explicitFileType = wrapper.cfbundle; includeInIndex = 0; path = LionsAndTigersTests.xctest; sourceTree = BUILT_PRODUCTS_DIR; };
		ACBF7EA81ABB952800D1D35C /* Info.plist */ = {isa = PBXFileReference; lastKnownFileType = text.plist.xml; path = Info.plist; sourceTree = "<group>"; };
		ACBF7EA91ABB952800D1D35C /* LionsAndTigersTests.swift */ = {isa = PBXFileReference; lastKnownFileType = sourcecode.swift; path = LionsAndTigersTests.swift; sourceTree = "<group>"; };
		ACBF7EB31ABB988400D1D35C /* Tiger.swift */ = {isa = PBXFileReference; fileEncoding = 4; lastKnownFileType = sourcecode.swift; path = Tiger.swift; sourceTree = "<group>"; };
		ACBF7EB61ABB9B8400D1D35C /* BengalTiger.jpg */ = {isa = PBXFileReference; lastKnownFileType = image.jpeg; path = BengalTiger.jpg; sourceTree = "<group>"; };
		ACBF7EB71ABB9B8400D1D35C /* IndochineseTiger.jpg */ = {isa = PBXFileReference; lastKnownFileType = image.jpeg; path = IndochineseTiger.jpg; sourceTree = "<group>"; };
		ACBF7EB81ABB9B8400D1D35C /* Lion.jpg */ = {isa = PBXFileReference; lastKnownFileType = image.jpeg; path = Lion.jpg; sourceTree = "<group>"; };
		ACBF7EB91ABB9B8400D1D35C /* LionCub1.jpg */ = {isa = PBXFileReference; lastKnownFileType = image.jpeg; path = LionCub1.jpg; sourceTree = "<group>"; };
		ACBF7EBA1ABB9B8400D1D35C /* LionCub2.jpeg */ = {isa = PBXFileReference; lastKnownFileType = image.jpeg; path = LionCub2.jpeg; sourceTree = "<group>"; };
		ACBF7EBB1ABB9B8400D1D35C /* Lioness.jpeg */ = {isa = PBXFileReference; lastKnownFileType = image.jpeg; path = Lioness.jpeg; sourceTree = "<group>"; };
		ACBF7EBC1ABB9B8400D1D35C /* MalayanTiger.jpg */ = {isa = PBXFileReference; lastKnownFileType = image.jpeg; path = MalayanTiger.jpg; sourceTree = "<group>"; };
		ACBF7EBD1ABB9B8400D1D35C /* SiberianTiger.jpg */ = {isa = PBXFileReference; lastKnownFileType = image.jpeg; path = SiberianTiger.jpg; sourceTree = "<group>"; };
/* End PBXFileReference section */

/* Begin PBXFrameworksBuildPhase section */
		ACBF7E8B1ABB952800D1D35C /* Frameworks */ = {
			isa = PBXFrameworksBuildPhase;
			buildActionMask = 2147483647;
			files = (
			);
			runOnlyForDeploymentPostprocessing = 0;
		};
		ACBF7EA01ABB952800D1D35C /* Frameworks */ = {
			isa = PBXFrameworksBuildPhase;
			buildActionMask = 2147483647;
			files = (
			);
			runOnlyForDeploymentPostprocessing = 0;
		};
/* End PBXFrameworksBuildPhase section */

/* Begin PBXGroup section */
		ACBF7E851ABB952800D1D35C = {
			isa = PBXGroup;
			children = (
				ACBF7E901ABB952800D1D35C /* LionsAndTigers */,
				ACBF7EA61ABB952800D1D35C /* LionsAndTigersTests */,
				ACBF7E8F1ABB952800D1D35C /* Products */,
			);
			sourceTree = "<group>";
		};
		ACBF7E8F1ABB952800D1D35C /* Products */ = {
			isa = PBXGroup;
			children = (
				ACBF7E8E1ABB952800D1D35C /* LionsAndTigers.app */,
				ACBF7EA31ABB952800D1D35C /* LionsAndTigersTests.xctest */,
			);
			name = Products;
			sourceTree = "<group>";
		};
		ACBF7E901ABB952800D1D35C /* LionsAndTigers */ = {
			isa = PBXGroup;
			children = (
				ACBF7E931ABB952800D1D35C /* AppDelegate.swift */,
				ACBF7E951ABB952800D1D35C /* ViewController.swift */,
				ACBF7EB31ABB988400D1D35C /* Tiger.swift */,
				ACBF7E971ABB952800D1D35C /* Main.storyboard */,
				ACBF7E9A1ABB952800D1D35C /* Images.xcassets */,
				ACBF7E9C1ABB952800D1D35C /* LaunchScreen.xib */,
				ACBF7E911ABB952800D1D35C /* Supporting Files */,
			);
			path = LionsAndTigers;
			sourceTree = "<group>";
		};
		ACBF7E911ABB952800D1D35C /* Supporting Files */ = {
			isa = PBXGroup;
			children = (
				ACBF7EB51ABB9B8400D1D35C /* LionsAndTigersAssets */,
				ACBF7E921ABB952800D1D35C /* Info.plist */,
			);
			name = "Supporting Files";
			sourceTree = "<group>";
		};
		ACBF7EA61ABB952800D1D35C /* LionsAndTigersTests */ = {
			isa = PBXGroup;
			children = (
				ACBF7EA91ABB952800D1D35C /* LionsAndTigersTests.swift */,
				ACBF7EA71ABB952800D1D35C /* Supporting Files */,
			);
			path = LionsAndTigersTests;
			sourceTree = "<group>";
		};
		ACBF7EA71ABB952800D1D35C /* Supporting Files */ = {
			isa = PBXGroup;
			children = (
				ACBF7EA81ABB952800D1D35C /* Info.plist */,
			);
			name = "Supporting Files";
			sourceTree = "<group>";
		};
		ACBF7EB51ABB9B8400D1D35C /* LionsAndTigersAssets */ = {
			isa = PBXGroup;
			children = (
				ACBF7EB61ABB9B8400D1D35C /* BengalTiger.jpg */,
				ACBF7EB71ABB9B8400D1D35C /* IndochineseTiger.jpg */,
				ACBF7EB81ABB9B8400D1D35C /* Lion.jpg */,
				ACBF7EB91ABB9B8400D1D35C /* LionCub1.jpg */,
				ACBF7EBA1ABB9B8400D1D35C /* LionCub2.jpeg */,
				ACBF7EBB1ABB9B8400D1D35C /* Lioness.jpeg */,
				ACBF7EBC1ABB9B8400D1D35C /* MalayanTiger.jpg */,
				ACBF7EBD1ABB9B8400D1D35C /* SiberianTiger.jpg */,
			);
			path = LionsAndTigersAssets;
			sourceTree = "<group>";
		};
/* End PBXGroup section */

/* Begin PBXNativeTarget section */
		ACBF7E8D1ABB952800D1D35C /* LionsAndTigers */ = {
			isa = PBXNativeTarget;
			buildConfigurationList = ACBF7EAD1ABB952800D1D35C /* Build configuration list for PBXNativeTarget "LionsAndTigers" */;
			buildPhases = (
				ACBF7E8A1ABB952800D1D35C /* Sources */,
				ACBF7E8B1ABB952800D1D35C /* Frameworks */,
				ACBF7E8C1ABB952800D1D35C /* Resources */,
			);
			buildRules = (
			);
			dependencies = (
			);
			name = LionsAndTigers;
			productName = LionsAndTigers;
			productReference = ACBF7E8E1ABB952800D1D35C /* LionsAndTigers.app */;
			productType = "com.apple.product-type.application";
		};
		ACBF7EA21ABB952800D1D35C /* LionsAndTigersTests */ = {
			isa = PBXNativeTarget;
			buildConfigurationList = ACBF7EB01ABB952800D1D35C /* Build configuration list for PBXNativeTarget "LionsAndTigersTests" */;
			buildPhases = (
				ACBF7E9F1ABB952800D1D35C /* Sources */,
				ACBF7EA01ABB952800D1D35C /* Frameworks */,
				ACBF7EA11ABB952800D1D35C /* Resources */,
			);
			buildRules = (
			);
			dependencies = (
				ACBF7EA51ABB952800D1D35C /* PBXTargetDependency */,
			);
			name = LionsAndTigersTests;
			productName = LionsAndTigersTests;
			productReference = ACBF7EA31ABB952800D1D35C /* LionsAndTigersTests.xctest */;
			productType = "com.apple.product-type.bundle.unit-test";
		};
/* End PBXNativeTarget section */

/* Begin PBXProject section */
		ACBF7E861ABB952800D1D35C /* Project object */ = {
			isa = PBXProject;
			attributes = {
				LastUpgradeCheck = 0610;
				ORGANIZATIONNAME = MichaelHester;
				TargetAttributes = {
					ACBF7E8D1ABB952800D1D35C = {
						CreatedOnToolsVersion = 6.1.1;
					};
					ACBF7EA21ABB952800D1D35C = {
						CreatedOnToolsVersion = 6.1.1;
						TestTargetID = ACBF7E8D1ABB952800D1D35C;
					};
				};
			};
			buildConfigurationList = ACBF7E891ABB952800D1D35C /* Build configuration list for PBXProject "LionsAndTigers" */;
			compatibilityVersion = "Xcode 3.2";
			developmentRegion = English;
			hasScannedForEncodings = 0;
			knownRegions = (
				en,
				Base,
			);
			mainGroup = ACBF7E851ABB952800D1D35C;
			productRefGroup = ACBF7E8F1ABB952800D1D35C /* Products */;
			projectDirPath = "";
			projectRoot = "";
			targets = (
				ACBF7E8D1ABB952800D1D35C /* LionsAndTigers */,
				ACBF7EA21ABB952800D1D35C /* LionsAndTigersTests */,
			);
		};
/* End PBXProject section */

/* Begin PBXResourcesBuildPhase section */
		ACBF7E8C1ABB952800D1D35C /* Resources */ = {
			isa = PBXResourcesBuildPhase;
			buildActionMask = 2147483647;
			files = (
				ACBF7EBF1ABB9B8400D1D35C /* IndochineseTiger.jpg in Resources */,
				ACBF7E991ABB952800D1D35C /* Main.storyboard in Resources */,
				ACBF7E9E1ABB952800D1D35C /* LaunchScreen.xib in Resources */,
				ACBF7EC31ABB9B8400D1D35C /* Lioness.jpeg in Resources */,
				ACBF7EC11ABB9B8400D1D35C /* LionCub1.jpg in Resources */,
				ACBF7EC41ABB9B8400D1D35C /* MalayanTiger.jpg in Resources */,
				ACBF7EC51ABB9B8400D1D35C /* SiberianTiger.jpg in Resources */,
				ACBF7EBE1ABB9B8400D1D35C /* BengalTiger.jpg in Resources */,
				ACBF7E9B1ABB952800D1D35C /* Images.xcassets in Resources */,
				ACBF7EC01ABB9B8400D1D35C /* Lion.jpg in Resources */,
				ACBF7EC21ABB9B8400D1D35C /* LionCub2.jpeg in Resources */,
			);
			runOnlyForDeploymentPostprocessing = 0;
		};
		ACBF7EA11ABB952800D1D35C /* Resources */ = {
			isa = PBXResourcesBuildPhase;
			buildActionMask = 2147483647;
			files = (
			);
			runOnlyForDeploymentPostprocessing = 0;
		};
/* End PBXResourcesBuildPhase section */

/* Begin PBXSourcesBuildPhase section */
		ACBF7E8A1ABB952800D1D35C /* Sources */ = {
			isa = PBXSourcesBuildPhase;
			buildActionMask = 2147483647;
			files = (
				ACBF7E961ABB952800D1D35C /* ViewController.swift in Sources */,
				ACBF7EB41ABB988400D1D35C /* Tiger.swift in Sources */,
				ACBF7E941ABB952800D1D35C /* AppDelegate.swift in Sources */,
			);
			runOnlyForDeploymentPostprocessing = 0;
		};
		ACBF7E9F1ABB952800D1D35C /* Sources */ = {
			isa = PBXSourcesBuildPhase;
			buildActionMask = 2147483647;
			files = (
				ACBF7EAA1ABB952800D1D35C /* LionsAndTigersTests.swift in Sources */,
			);
			runOnlyForDeploymentPostprocessing = 0;
		};
/* End PBXSourcesBuildPhase section */

/* Begin PBXTargetDependency section */
		ACBF7EA51ABB952800D1D35C /* PBXTargetDependency */ = {
			isa = PBXTargetDependency;
			target = ACBF7E8D1ABB952800D1D35C /* LionsAndTigers */;
			targetProxy = ACBF7EA41ABB952800D1D35C /* PBXContainerItemProxy */;
		};
/* End PBXTargetDependency section */

/* Begin PBXVariantGroup section */
		ACBF7E971ABB952800D1D35C /* Main.storyboard */ = {
			isa = PBXVariantGroup;
			children = (
				ACBF7E981ABB952800D1D35C /* Base */,
			);
			name = Main.storyboard;
			sourceTree = "<group>";
		};
		ACBF7E9C1ABB952800D1D35C /* LaunchScreen.xib */ = {
			isa = PBXVariantGroup;
			children = (
				ACBF7E9D1ABB952800D1D35C /* Base */,
			);
			name = LaunchScreen.xib;
			sourceTree = "<group>";
		};
/* End PBXVariantGroup section */

/* Begin XCBuildConfiguration section */
		ACBF7EAB1ABB952800D1D35C /* Debug */ = {
			isa = XCBuildConfiguration;
			buildSettings = {
				ALWAYS_SEARCH_USER_PATHS = NO;
				CLANG_CXX_LANGUAGE_STANDARD = "gnu++0x";
				CLANG_CXX_LIBRARY = "libc++";
				CLANG_ENABLE_MODULES = YES;
				CLANG_ENABLE_OBJC_ARC = YES;
				CLANG_WARN_BOOL_CONVERSION = YES;
				CLANG_WARN_CONSTANT_CONVERSION = YES;
				CLANG_WARN_DIRECT_OBJC_ISA_USAGE = YES_ERROR;
				CLANG_WARN_EMPTY_BODY = YES;
				CLANG_WARN_ENUM_CONVERSION = YES;
				CLANG_WARN_INT_CONVERSION = YES;
				CLANG_WARN_OBJC_ROOT_CLASS = YES_ERROR;
				CLANG_WARN_UNREACHABLE_CODE = YES;
				CLANG_WARN__DUPLICATE_METHOD_MATCH = YES;
				"CODE_SIGN_IDENTITY[sdk=iphoneos*]" = "iPhone Developer";
				COPY_PHASE_STRIP = NO;
				ENABLE_STRICT_OBJC_MSGSEND = YES;
				GCC_C_LANGUAGE_STANDARD = gnu99;
				GCC_DYNAMIC_NO_PIC = NO;
				GCC_OPTIMIZATION_LEVEL = 0;
				GCC_PREPROCESSOR_DEFINITIONS = (
					"DEBUG=1",
					"$(inherited)",
				);
				GCC_SYMBOLS_PRIVATE_EXTERN = NO;
				GCC_WARN_64_TO_32_BIT_CONVERSION = YES;
				GCC_WARN_ABOUT_RETURN_TYPE = YES_ERROR;
				GCC_WARN_UNDECLARED_SELECTOR = YES;
				GCC_WARN_UNINITIALIZED_AUTOS = YES_AGGRESSIVE;
				GCC_WARN_UNUSED_FUNCTION = YES;
				GCC_WARN_UNUSED_VARIABLE = YES;
				IPHONEOS_DEPLOYMENT_TARGET = 8.1;
				MTL_ENABLE_DEBUG_INFO = YES;
				ONLY_ACTIVE_ARCH = YES;
				SDKROOT = iphoneos;
				SWIFT_OPTIMIZATION_LEVEL = "-Onone";
				TARGETED_DEVICE_FAMILY = "1,2";
			};
			name = Debug;
		};
		ACBF7EAC1ABB952800D1D35C /* Release */ = {
			isa = XCBuildConfiguration;
			buildSettings = {
				ALWAYS_SEARCH_USER_PATHS = NO;
				CLANG_CXX_LANGUAGE_STANDARD = "gnu++0x";
				CLANG_CXX_LIBRARY = "libc++";
				CLANG_ENABLE_MODULES = YES;
				CLANG_ENABLE_OBJC_ARC = YES;
				CLANG_WARN_BOOL_CONVERSION = YES;
				CLANG_WARN_CONSTANT_CONVERSION = YES;
				CLANG_WARN_DIRECT_OBJC_ISA_USAGE = YES_ERROR;
				CLANG_WARN_EMPTY_BODY = YES;
				CLANG_WARN_ENUM_CONVERSION = YES;
				CLANG_WARN_INT_CONVERSION = YES;
				CLANG_WARN_OBJC_ROOT_CLASS = YES_ERROR;
				CLANG_WARN_UNREACHABLE_CODE = YES;
				CLANG_WARN__DUPLICATE_METHOD_MATCH = YES;
				"CODE_SIGN_IDENTITY[sdk=iphoneos*]" = "iPhone Developer";
				COPY_PHASE_STRIP = YES;
				ENABLE_NS_ASSERTIONS = NO;
				ENABLE_STRICT_OBJC_MSGSEND = YES;
				GCC_C_LANGUAGE_STANDARD = gnu99;
				GCC_WARN_64_TO_32_BIT_CONVERSION = YES;
				GCC_WARN_ABOUT_RETURN_TYPE = YES_ERROR;
				GCC_WARN_UNDECLARED_SELECTOR = YES;
				GCC_WARN_UNINITIALIZED_AUTOS = YES_AGGRESSIVE;
				GCC_WARN_UNUSED_FUNCTION = YES;
				GCC_WARN_UNUSED_VARIABLE = YES;
				IPHONEOS_DEPLOYMENT_TARGET = 8.1;
				MTL_ENABLE_DEBUG_INFO = NO;
				SDKROOT = iphoneos;
				TARGETED_DEVICE_FAMILY = "1,2";
				VALIDATE_PRODUCT = YES;
			};
			name = Release;
		};
		ACBF7EAE1ABB952800D1D35C /* Debug */ = {
			isa = XCBuildConfiguration;
			buildSettings = {
				ASSETCATALOG_COMPILER_APPICON_NAME = AppIcon;
				INFOPLIST_FILE = LionsAndTigers/Info.plist;
				LD_RUNPATH_SEARCH_PATHS = "$(inherited) @executable_path/Frameworks";
				PRODUCT_NAME = "$(TARGET_NAME)";
			};
			name = Debug;
		};
		ACBF7EAF1ABB952800D1D35C /* Release */ = {
			isa = XCBuildConfiguration;
			buildSettings = {
				ASSETCATALOG_COMPILER_APPICON_NAME = AppIcon;
				INFOPLIST_FILE = LionsAndTigers/Info.plist;
				LD_RUNPATH_SEARCH_PATHS = "$(inherited) @executable_path/Frameworks";
				PRODUCT_NAME = "$(TARGET_NAME)";
			};
			name = Release;
		};
		ACBF7EB11ABB952800D1D35C /* Debug */ = {
			isa = XCBuildConfiguration;
			buildSettings = {
				BUNDLE_LOADER = "$(TEST_HOST)";
				FRAMEWORK_SEARCH_PATHS = (
					"$(SDKROOT)/Developer/Library/Frameworks",
					"$(inherited)",
				);
				GCC_PREPROCESSOR_DEFINITIONS = (
					"DEBUG=1",
					"$(inherited)",
				);
				INFOPLIST_FILE = LionsAndTigersTests/Info.plist;
				LD_RUNPATH_SEARCH_PATHS = "$(inherited) @executable_path/Frameworks @loader_path/Frameworks";
				PRODUCT_NAME = "$(TARGET_NAME)";
				TEST_HOST = "$(BUILT_PRODUCTS_DIR)/LionsAndTigers.app/LionsAndTigers";
			};
			name = Debug;
		};
		ACBF7EB21ABB952800D1D35C /* Release */ = {
			isa = XCBuildConfiguration;
			buildSettings = {
				BUNDLE_LOADER = "$(TEST_HOST)";
				FRAMEWORK_SEARCH_PATHS = (
					"$(SDKROOT)/Developer/Library/Frameworks",
					"$(inherited)",
				);
				INFOPLIST_FILE = LionsAndTigersTests/Info.plist;
				LD_RUNPATH_SEARCH_PATHS = "$(inherited) @executable_path/Frameworks @loader_path/Frameworks";
				PRODUCT_NAME = "$(TARGET_NAME)";
				TEST_HOST = "$(BUILT_PRODUCTS_DIR)/LionsAndTigers.app/LionsAndTigers";
			};
			name = Release;
		};
/* End XCBuildConfiguration section */

/* Begin XCConfigurationList section */
		ACBF7E891ABB952800D1D35C /* Build configuration list for PBXProject "LionsAndTigers" */ = {
			isa = XCConfigurationList;
			buildConfigurations = (
				ACBF7EAB1ABB952800D1D35C /* Debug */,
				ACBF7EAC1ABB952800D1D35C /* Release */,
			);
			defaultConfigurationIsVisible = 0;
			defaultConfigurationName = Release;
		};
		ACBF7EAD1ABB952800D1D35C /* Build configuration list for PBXNativeTarget "LionsAndTigers" */ = {
			isa = XCConfigurationList;
			buildConfigurations = (
				ACBF7EAE1ABB952800D1D35C /* Debug */,
				ACBF7EAF1ABB952800D1D35C /* Release */,
			);
			defaultConfigurationIsVisible = 0;
		};
		ACBF7EB01ABB952800D1D35C /* Build configuration list for PBXNativeTarget "LionsAndTigersTests" */ = {
			isa = XCConfigurationList;
			buildConfigurations = (
				ACBF7EB11ABB952800D1D35C /* Debug */,
				ACBF7EB21ABB952800D1D35C /* Release */,
			);
			defaultConfigurationIsVisible = 0;
		};
/* End XCConfigurationList section */
	};
	rootObject = ACBF7E861ABB952800D1D35C /* Project object */;
}
